{
  "name": "@kirbydesign/designsystem",
  "version": "0.0.0",
  "lockfileVersion": 1,
  "requires": true,
  "dependencies": {
    "@angular/cdk": {
      "version": "8.2.3",
      "resolved": "https://registry.npmjs.org/@angular/cdk/-/cdk-8.2.3.tgz",
      "integrity": "sha512-ZwO5Sn720RA2YvBqud0JAHkZXjmjxM0yNzCO8RVtRE9i8Gl26Wk0j0nQeJkVm4zwv2QO8MwbKUKGTMt8evsokA==",
      "requires": {
        "parse5": "^5.0.0",
        "tslib": "^1.7.1"
      }
    },
    "@ionic/angular": {
      "version": "5.3.5",
      "resolved": "https://registry.npmjs.org/@ionic/angular/-/angular-5.3.5.tgz",
      "integrity": "sha512-sG9jrNS+KnSsQaGg4PRINrPBJAf97qQU64lnQySAdE3eZKv9Gwr8ZVkVXUGZgCYzpW4vppDdNDtsQV+9iPU4XA==",
      "requires": {
        "@ionic/core": "5.3.5",
        "tslib": "^1.9.3"
      }
    },
    "@ionic/core": {
      "version": "5.3.5",
      "resolved": "https://registry.npmjs.org/@ionic/core/-/core-5.3.5.tgz",
      "integrity": "sha512-Zk9Jaoupr+WrlTwuUrdrkFcnlU/8Z+e1lFCfwDH7nzbGjRgO5QLAqooW9GW4hBLQQFBeMArXX1VjmY7f4G5bMg==",
      "requires": {
        "ionicons": "^5.1.2",
        "tslib": "^1.10.0"
      }
    },
    "highcharts": {
      "version": "8.0.4",
      "resolved": "https://registry.npmjs.org/highcharts/-/highcharts-8.0.4.tgz",
      "integrity": "sha512-RD86/w7VNwuY96c2Pv16dtZujJ4vg5viiVjbFF/TCrvFpmtQRzBIECG90ww0JtiK6+6TKlwCYf0an+kgQshnRw=="
    },
    "ionicons": {
      "version": "5.2.3",
      "resolved": "https://registry.npmjs.org/ionicons/-/ionicons-5.2.3.tgz",
      "integrity": "sha512-87qtgBkieKVFagwYA9Cf91B3PCahQbEOMwMt8bSvlQSgflZ4eE5qI4MGj2ZlIyadeX0dgo+0CzZsy3ow0CsBAg=="
    },
    "moment": {
      "version": "2.24.0",
      "resolved": "https://registry.npmjs.org/moment/-/moment-2.24.0.tgz",
      "integrity": "sha512-bV7f+6l2QigeBBZSM/6yTNq4P2fNpSWj/0e7jQcy87A8e7o2nAfP/34/2ky5Vw4B9S446EtIhodAzkFCcR4dQg=="
    },
    "parse5": {
      "version": "5.1.1",
      "resolved": "https://registry.npmjs.org/parse5/-/parse5-5.1.1.tgz",
      "integrity": "sha512-ugq4DFI0Ptb+WWjAdOK16+u/nHfiIrcE+sh8kZMaM0WllQKLI9rOUq6c2b7cwPkXdzfQESqvoqK6ug7U/Yyzug==",
      "optional": true
    },
    "tslib": {
      "version": "1.14.1",
      "resolved": "https://registry.npmjs.org/tslib/-/tslib-1.14.1.tgz",
      "integrity": "sha512-Xni35NKzjgMrwevysHTCArtLDpPvye8zV/0E4EyYn43P7/7qvQwPh9BGkHewbMulVntbigmcT7rdX3BNo9wRJg=="
    }
  }
}
