{
  "name": "@kirbydesign/designsystem",
  "version": "0.0.0",
  "lockfileVersion": 3,
  "requires": true,
  "packages": {
    "": {
      "name": "@kirbydesign/designsystem",
      "version": "0.0.0",
      "dependencies": {
        "@floating-ui/core": "^1.1.0",
        "@fontsource/roboto": "4.2.1",
        "@ionic/angular": "6.2.1",
        "@kirbydesign/core": "0.0.38",
        "inputmask": "5.0.5"
      },
      "peerDependencies": {
        "@angular/common": ">=15.0.0",
        "@angular/core": ">=15.0.0",
        "@angular/forms": ">=15.0.0",
        "@angular/router": ">=15.0.0",
        "chart.js": ">=3.9.1",
        "chartjs-adapter-date-fns": ">=2.0.0",
        "chartjs-plugin-annotation": ">=1.0.2",
        "chartjs-plugin-datalabels": ">=2.0.0",
        "date-fns": ">=2.21.1",
        "date-fns-tz": ">=1.1.4",
        "rxjs": ">=7.0.0",
        "zone.js": ">=0.10.2"
      }
    },
    "node_modules/@angular/common": {
      "version": "15.1.0",
      "resolved": "https://registry.npmjs.org/@angular/common/-/common-15.1.0.tgz",
      "integrity": "sha512-O0JKOeJ7dFcd/mnnfm4xQOYTAc+yL+OrRpGte7z84lKPU2fupLpGW/30tHUy1TXixsANyTLC3cTVXTY5szPdqg==",
      "peer": true,
      "dependencies": {
        "tslib": "^2.3.0"
      },
      "engines": {
        "node": "^14.20.0 || ^16.13.0 || >=18.10.0"
      },
      "peerDependencies": {
        "@angular/core": "15.1.0",
        "rxjs": "^6.5.3 || ^7.4.0"
      }
    },
    "node_modules/@angular/core": {
      "version": "15.1.0",
      "resolved": "https://registry.npmjs.org/@angular/core/-/core-15.1.0.tgz",
      "integrity": "sha512-HiwctuR73MuLoLeP35j9xF8/SIg7ELx+iHZtp/TBfoH+LOmjWbdrAdVAPTbqnxvK0aJG+527dhgC6tBOXgBTcg==",
      "peer": true,
      "dependencies": {
        "tslib": "^2.3.0"
      },
      "engines": {
        "node": "^14.20.0 || ^16.13.0 || >=18.10.0"
      },
      "peerDependencies": {
        "rxjs": "^6.5.3 || ^7.4.0",
        "zone.js": "~0.11.4 || ~0.12.0"
      }
    },
    "node_modules/@angular/forms": {
      "version": "15.1.0",
      "resolved": "https://registry.npmjs.org/@angular/forms/-/forms-15.1.0.tgz",
      "integrity": "sha512-MUAbruJng0iG/cHhCkDNrh31Y54upgBUjjkE4DnoHv138Wa7vba+GMYv2tTrs4rPWnB9vPziZgI0xIi/oSGxzg==",
      "peer": true,
      "dependencies": {
        "tslib": "^2.3.0"
      },
      "engines": {
        "node": "^14.20.0 || ^16.13.0 || >=18.10.0"
      },
      "peerDependencies": {
        "@angular/common": "15.1.0",
        "@angular/core": "15.1.0",
        "@angular/platform-browser": "15.1.0",
        "rxjs": "^6.5.3 || ^7.4.0"
      }
    },
    "node_modules/@angular/platform-browser": {
      "version": "15.1.0",
      "resolved": "https://registry.npmjs.org/@angular/platform-browser/-/platform-browser-15.1.0.tgz",
      "integrity": "sha512-yuJweAR+rJhWWHM4Im3Iy6S4+W3OtcVHijcqrxfVxiA9ZHbDw/jpYDi06ZZIgfnNyGWi5/BzJbHvxH3b0lAo5Q==",
      "peer": true,
      "dependencies": {
        "tslib": "^2.3.0"
      },
      "engines": {
        "node": "^14.20.0 || ^16.13.0 || >=18.10.0"
      },
      "peerDependencies": {
        "@angular/animations": "15.1.0",
        "@angular/common": "15.1.0",
        "@angular/core": "15.1.0"
      },
      "peerDependenciesMeta": {
        "@angular/animations": {
          "optional": true
        }
      }
    },
    "node_modules/@angular/router": {
      "version": "15.1.0",
      "resolved": "https://registry.npmjs.org/@angular/router/-/router-15.1.0.tgz",
      "integrity": "sha512-78ItVVXOYdu/RRxruHwSmtNxEP2clx+afHKrkwc4e7/6uxVr4rl0VQhO6qHYme/bBtbLIcBZGJoSyoUg/xUSvQ==",
      "peer": true,
      "dependencies": {
        "tslib": "^2.3.0"
      },
      "engines": {
        "node": "^14.20.0 || ^16.13.0 || >=18.10.0"
      },
      "peerDependencies": {
        "@angular/common": "15.1.0",
        "@angular/core": "15.1.0",
        "@angular/platform-browser": "15.1.0",
        "rxjs": "^6.5.3 || ^7.4.0"
      }
    },
    "node_modules/@floating-ui/core": {
      "version": "1.1.0",
      "resolved": "https://registry.npmjs.org/@floating-ui/core/-/core-1.1.0.tgz",
      "integrity": "sha512-zbsLwtnHo84w1Kc8rScAo5GMk1GdecSlrflIbfnEBJwvTSj1SL6kkOYV+nHraMCPEy+RNZZUaZyL8JosDGCtGQ=="
    },
    "node_modules/@fontsource/roboto": {
      "version": "4.2.1",
      "resolved": "https://registry.npmjs.org/@fontsource/roboto/-/roboto-4.2.1.tgz",
      "integrity": "sha512-C236dlY57hG+Gg4C9SS2i5qNBILg31uzSdVhO6wUk27rgOz+rtztcUA17VI+HWdAd4LQaTp/vF6NDi303KRtqg=="
    },
    "node_modules/@ionic/angular": {
      "version": "6.2.1",
      "resolved": "https://registry.npmjs.org/@ionic/angular/-/angular-6.2.1.tgz",
      "integrity": "sha512-OkbxUnSU4IuVIueymrPNNk/26L0wdy5fvwrULrr1r9zigVlhbTMg10w05ljyars4Oi3JwN8fUct3SR8RFoj7bA==",
      "dependencies": {
        "@ionic/core": "^6.2.1",
        "jsonc-parser": "^3.0.0",
        "tslib": "^2.0.0"
      },
      "peerDependencies": {
        "@angular/core": ">=12.0.0",
        "@angular/forms": ">=12.0.0",
        "@angular/router": ">=12.0.0",
        "rxjs": ">=6.6.0",
        "zone.js": ">=0.11.0"
      }
    },
    "node_modules/@ionic/core": {
      "version": "6.4.2",
      "resolved": "https://registry.npmjs.org/@ionic/core/-/core-6.4.2.tgz",
      "integrity": "sha512-X6lKIrVL68UC3HenkUpOMw2Wu6D+XN42EbBPJdKFxGiW8ozhpzYj8QMUcX6ESC7jk44CrpUN3GpHhb+Lrw78OA==",
      "dependencies": {
        "@stencil/core": "^2.18.0",
        "ionicons": "^6.0.4",
        "tslib": "^2.1.0"
      }
    },
    "node_modules/@kirbydesign/core": {
      "version": "0.0.38",
      "resolved": "https://registry.npmjs.org/@kirbydesign/core/-/core-0.0.38.tgz",
      "integrity": "sha512-vCV1KHuJTtUlgN05Vsbndu1wKOV24IsN4Uobo05MxDEyNX/c87BVXzQ0bgSReMJvUEAnrdmlDizsFsWiPMmYgA=="
    },
    "node_modules/@kurkle/color": {
      "version": "0.3.2",
      "resolved": "https://registry.npmjs.org/@kurkle/color/-/color-0.3.2.tgz",
      "integrity": "sha512-fuscdXJ9G1qb7W8VdHi+IwRqij3lBkosAm4ydQtEmbY58OzHXqQhvlxqEkoz0yssNVn38bcpRWgA9PP+OGoisw==",
      "peer": true
    },
    "node_modules/@stencil/core": {
      "version": "2.22.1",
      "resolved": "https://registry.npmjs.org/@stencil/core/-/core-2.22.1.tgz",
      "integrity": "sha512-L4EsWLXYkg24BfrR3aS1df3BSkH0RFyza+Tu84MaYoF2csiKTJxDTZuFHSnJeF8UdgzV7CBfnsIEV6r3s0+h3g==",
      "bin": {
        "stencil": "bin/stencil"
      },
      "engines": {
        "node": ">=12.10.0",
        "npm": ">=6.0.0"
      }
    },
    "node_modules/chart.js": {
      "version": "4.1.2",
      "resolved": "https://registry.npmjs.org/chart.js/-/chart.js-4.1.2.tgz",
      "integrity": "sha512-9L1w6WLPq6ztiWVVOYtDtpo0CUsBKDWPrUEdwChAyzczaikqeSwNKEv3QpJ7EO4ICcLSi6UDVhgvcnUhRJidRA==",
      "peer": true,
      "dependencies": {
        "@kurkle/color": "^0.3.0"
      },
      "engines": {
        "pnpm": "^7.0.0"
      }
    },
    "node_modules/chartjs-adapter-date-fns": {
      "version": "3.0.0",
      "resolved": "https://registry.npmjs.org/chartjs-adapter-date-fns/-/chartjs-adapter-date-fns-3.0.0.tgz",
      "integrity": "sha512-Rs3iEB3Q5pJ973J93OBTpnP7qoGwvq3nUnoMdtxO+9aoJof7UFcRbWcIDteXuYd1fgAvct/32T9qaLyLuZVwCg==",
      "peer": true,
      "peerDependencies": {
        "chart.js": ">=2.8.0",
        "date-fns": ">=2.0.0"
      }
    },
    "node_modules/chartjs-plugin-annotation": {
      "version": "2.1.2",
      "resolved": "https://registry.npmjs.org/chartjs-plugin-annotation/-/chartjs-plugin-annotation-2.1.2.tgz",
      "integrity": "sha512-kmEp2WtpogwnKKnDPO3iO3mVwvVGtmG5BkZVtAEZm5YzJ9CYxojjYEgk7OTrFbJ5vU098b84UeJRe8kRfNcq5g==",
      "peer": true,
      "peerDependencies": {
        "chart.js": ">=3.7.0"
      }
    },
    "node_modules/chartjs-plugin-datalabels": {
      "version": "2.2.0",
      "resolved": "https://registry.npmjs.org/chartjs-plugin-datalabels/-/chartjs-plugin-datalabels-2.2.0.tgz",
      "integrity": "sha512-14ZU30lH7n89oq+A4bWaJPnAG8a7ZTk7dKf48YAzMvJjQtjrgg5Dpk9f+LbjCF6bpx3RAGTeL13IXpKQYyRvlw==",
      "peer": true,
      "peerDependencies": {
        "chart.js": ">=3.0.0"
      }
    },
    "node_modules/date-fns": {
      "version": "2.29.3",
      "resolved": "https://registry.npmjs.org/date-fns/-/date-fns-2.29.3.tgz",
      "integrity": "sha512-dDCnyH2WnnKusqvZZ6+jA1O51Ibt8ZMRNkDZdyAyK4YfbDwa/cEmuztzG5pk6hqlp9aSBPYcjOlktquahGwGeA==",
      "peer": true,
      "engines": {
        "node": ">=0.11"
      },
      "funding": {
        "type": "opencollective",
        "url": "https://opencollective.com/date-fns"
      }
    },
    "node_modules/date-fns-tz": {
      "version": "1.3.7",
      "resolved": "https://registry.npmjs.org/date-fns-tz/-/date-fns-tz-1.3.7.tgz",
      "integrity": "sha512-1t1b8zyJo+UI8aR+g3iqr5fkUHWpd58VBx8J/ZSQ+w7YrGlw80Ag4sA86qkfCXRBLmMc4I2US+aPMd4uKvwj5g==",
      "peer": true,
      "peerDependencies": {
        "date-fns": ">=2.0.0"
      }
    },
    "node_modules/inputmask": {
      "version": "5.0.5",
      "resolved": "https://registry.npmjs.org/inputmask/-/inputmask-5.0.5.tgz",
      "integrity": "sha512-9gqau4tb0oaxYiymLC43KU/aAXHVofya7ilGIxqKONbSh7LNKRHmpw6mhuH2D4yykRlcNhS9zI/FOsrAQmltQA=="
    },
    "node_modules/ionicons": {
      "version": "6.1.0",
      "resolved": "https://registry.npmjs.org/ionicons/-/ionicons-6.1.0.tgz",
      "integrity": "sha512-M9oOtCoVrKs181ULp0AhLFt//4+HRv6Q0SgTUTUW3+sV4ouj+vtPJjEukhchaSLv3vPfArGyajPcYcI5/xey2A==",
      "dependencies": {
        "@stencil/core": "^2.18.0"
      }
    },
    "node_modules/jsonc-parser": {
      "version": "3.2.0",
      "resolved": "https://registry.npmjs.org/jsonc-parser/-/jsonc-parser-3.2.0.tgz",
      "integrity": "sha512-gfFQZrcTc8CnKXp6Y4/CBT3fTc0OVuDofpre4aEeEpSBPV5X5v4+Vmx+8snU7RLPrNHPKSgLxGo9YuQzz20o+w=="
    },
    "node_modules/rxjs": {
      "version": "7.8.0",
      "resolved": "https://registry.npmjs.org/rxjs/-/rxjs-7.8.0.tgz",
      "integrity": "sha512-F2+gxDshqmIub1KdvZkaEfGDwLNpPvk9Fs6LD/MyQxNgMds/WH9OdDDXOmxUZpME+iSK3rQCctkL0DYyytUqMg==",
      "peer": true,
      "dependencies": {
        "tslib": "^2.1.0"
      }
    },
    "node_modules/tslib": {
      "version": "2.4.1",
      "resolved": "https://registry.npmjs.org/tslib/-/tslib-2.4.1.tgz",
      "integrity": "sha512-tGyy4dAjRIEwI7BzsB0lynWgOpfqjUdq91XXAlIWD2OwKBH7oCl/GZG/HT4BOHrTlPMOASlMQ7veyTqpmRcrNA=="
    },
    "node_modules/zone.js": {
      "version": "0.12.0",
      "resolved": "https://registry.npmjs.org/zone.js/-/zone.js-0.12.0.tgz",
      "integrity": "sha512-XtC+I5dXU14HrzidAKBNMqneIVUykLEAA1x+v4KVrd6AUPWlwYORF8KgsVqvgdHiKZ4BkxxjvYi/ksEixTPR0Q==",
      "peer": true,
      "dependencies": {
        "tslib": "^2.3.0"
      }
    }
  }
}
